
Microsoft Visual Studio Solution File, Format Version 12.00
# Visual Studio Version 16
VisualStudioVersion = 16.0.32510.428
MinimumVisualStudioVersion = 10.0.40219.1
Project("{FAE04EC0-301F-11D3-BF4B-00C04F79EFBC}") = "RelicsOfTheRighteous", "EasterEggRelics\RelicsOfTheRighteous.csproj", "{E3C4D68E-8888-4D44-ABDA-B5FC17DB6807}"
EndProject
Global
	GlobalSection(SolutionConfigurationPlatforms) = preSolution
		Debug|Any CPU = Debug|Any CPU
		Release|Any CPU = Release|Any CPU
	EndGlobalSection
	GlobalSection(ProjectConfigurationPlatforms) = postSolution
		{E3C4D68E-8888-4D44-ABDA-B5FC17DB6807}.Debug|Any CPU.ActiveCfg = Debug|Any CPU
		{E3C4D68E-8888-4D44-ABDA-B5FC17DB6807}.Debug|Any CPU.Build.0 = Debug|Any CPU
		{E3C4D68E-8888-4D44-ABDA-B5FC17DB6807}.Release|Any CPU.ActiveCfg = Release|Any CPU
		{E3C4D68E-8888-4D44-ABDA-B5FC17DB6807}.Release|Any CPU.Build.0 = Release|Any CPU
	EndGlobalSection
	GlobalSection(SolutionProperties) = preSolution
		HideSolutionNode = FALSE
	EndGlobalSection
	GlobalSection(ExtensibilityGlobals) = postSolution
		SolutionGuid = {EE9C9574-C05E-40EB-9170-35D9F189F880}
	EndGlobalSection
EndGlobal
